
Microsoft Visual Studio Solution File, Format Version 12.00
# Visual Studio 14
VisualStudioVersion = 14.0.25420.1
MinimumVisualStudioVersion = 10.0.40219.1
Project("{FAE04EC0-301F-11D3-BF4B-00C04F79EFBC}") = "ManipulateCubes", "ManipulateCubes\ManipulateCubes.csproj", "{EEDA4F6C-E16B-4C86-BF19-E91D6DF43130}"
EndProject
Project("{FAE04EC0-301F-11D3-BF4B-00C04F79EFBC}") = "TestWinformsStuffOutOfPetrel", "TestWinformsStuffOutOfPetrel\TestWinformsStuffOutOfPetrel.csproj", "{96638547-604D-4E3E-AD69-0370702FD1D8}"
EndProject
Project("{8BC9CEB8-8B4A-11D0-8D11-00A0C91BC942}") = "DeckWritte", "..\..\ServerCode\CplusCode\DeckWritte\DeckWritte.vcxproj", "{BDE5F3E0-1B57-456E-9BCB-6781168CD008}"
EndProject
Project("{FAE04EC0-301F-11D3-BF4B-00C04F79EFBC}") = "XGTWinformControls1", "..\..\..\WinformsControls\XGTControls1\XGTWinformControls1\XGTWinformControls1.csproj", "{EA22D48B-CAB3-4A2E-8CF2-E75FD852D983}"
EndProject
Project("{FAE04EC0-301F-11D3-BF4B-00C04F79EFBC}") = "test", "test\test.csproj", "{35937C76-A99B-4CFC-A953-E81489B82A79}"
EndProject
Project("{FAE04EC0-301F-11D3-BF4B-00C04F79EFBC}") = "SplitTracesMultiple", "..\..\BoilerPlateCode\SplitTracesMultiple\SplitTracesMultiple\SplitTracesMultiple.csproj", "{3AFB79A1-4512-4FCD-9494-6F03E45D4396}"
EndProject
Global
	GlobalSection(SolutionConfigurationPlatforms) = preSolution
		Debug|Any CPU = Debug|Any CPU
		Debug|x64 = Debug|x64
		Debug|x86 = Debug|x86
		Release|Any CPU = Release|Any CPU
		Release|x64 = Release|x64
		Release|x86 = Release|x86
	EndGlobalSection
	GlobalSection(ProjectConfigurationPlatforms) = postSolution
		{EEDA4F6C-E16B-4C86-BF19-E91D6DF43130}.Debug|Any CPU.ActiveCfg = Debug|Any CPU
		{EEDA4F6C-E16B-4C86-BF19-E91D6DF43130}.Debug|Any CPU.Build.0 = Debug|Any CPU
		{EEDA4F6C-E16B-4C86-BF19-E91D6DF43130}.Debug|x64.ActiveCfg = Debug|Any CPU
		{EEDA4F6C-E16B-4C86-BF19-E91D6DF43130}.Debug|x64.Build.0 = Debug|Any CPU
		{EEDA4F6C-E16B-4C86-BF19-E91D6DF43130}.Debug|x86.ActiveCfg = Debug|Any CPU
		{EEDA4F6C-E16B-4C86-BF19-E91D6DF43130}.Debug|x86.Build.0 = Debug|Any CPU
		{EEDA4F6C-E16B-4C86-BF19-E91D6DF43130}.Release|Any CPU.ActiveCfg = Release|Any CPU
		{EEDA4F6C-E16B-4C86-BF19-E91D6DF43130}.Release|Any CPU.Build.0 = Release|Any CPU
		{EEDA4F6C-E16B-4C86-BF19-E91D6DF43130}.Release|x64.ActiveCfg = Release|Any CPU
		{EEDA4F6C-E16B-4C86-BF19-E91D6DF43130}.Release|x64.Build.0 = Release|Any CPU
		{EEDA4F6C-E16B-4C86-BF19-E91D6DF43130}.Release|x86.ActiveCfg = Release|Any CPU
		{EEDA4F6C-E16B-4C86-BF19-E91D6DF43130}.Release|x86.Build.0 = Release|Any CPU
		{96638547-604D-4E3E-AD69-0370702FD1D8}.Debug|Any CPU.ActiveCfg = Debug|Any CPU
		{96638547-604D-4E3E-AD69-0370702FD1D8}.Debug|Any CPU.Build.0 = Debug|Any CPU
		{96638547-604D-4E3E-AD69-0370702FD1D8}.Debug|x64.ActiveCfg = Debug|Any CPU
		{96638547-604D-4E3E-AD69-0370702FD1D8}.Debug|x64.Build.0 = Debug|Any CPU
		{96638547-604D-4E3E-AD69-0370702FD1D8}.Debug|x86.ActiveCfg = Debug|Any CPU
		{96638547-604D-4E3E-AD69-0370702FD1D8}.Debug|x86.Build.0 = Debug|Any CPU
		{96638547-604D-4E3E-AD69-0370702FD1D8}.Release|Any CPU.ActiveCfg = Release|Any CPU
		{96638547-604D-4E3E-AD69-0370702FD1D8}.Release|Any CPU.Build.0 = Release|Any CPU
		{96638547-604D-4E3E-AD69-0370702FD1D8}.Release|x64.ActiveCfg = Release|Any CPU
		{96638547-604D-4E3E-AD69-0370702FD1D8}.Release|x64.Build.0 = Release|Any CPU
		{96638547-604D-4E3E-AD69-0370702FD1D8}.Release|x86.ActiveCfg = Release|Any CPU
		{96638547-604D-4E3E-AD69-0370702FD1D8}.Release|x86.Build.0 = Release|Any CPU
		{BDE5F3E0-1B57-456E-9BCB-6781168CD008}.Debug|Any CPU.ActiveCfg = Debug|Win32
		{BDE5F3E0-1B57-456E-9BCB-6781168CD008}.Debug|x64.ActiveCfg = Debug|x64
		{BDE5F3E0-1B57-456E-9BCB-6781168CD008}.Debug|x64.Build.0 = Debug|x64
		{BDE5F3E0-1B57-456E-9BCB-6781168CD008}.Debug|x86.ActiveCfg = Debug|Win32
		{BDE5F3E0-1B57-456E-9BCB-6781168CD008}.Debug|x86.Build.0 = Debug|Win32
		{BDE5F3E0-1B57-456E-9BCB-6781168CD008}.Release|Any CPU.ActiveCfg = Release|Win32
		{BDE5F3E0-1B57-456E-9BCB-6781168CD008}.Release|x64.ActiveCfg = Release|x64
		{BDE5F3E0-1B57-456E-9BCB-6781168CD008}.Release|x64.Build.0 = Release|x64
		{BDE5F3E0-1B57-456E-9BCB-6781168CD008}.Release|x86.ActiveCfg = Release|Win32
		{BDE5F3E0-1B57-456E-9BCB-6781168CD008}.Release|x86.Build.0 = Release|Win32
		{EA22D48B-CAB3-4A2E-8CF2-E75FD852D983}.Debug|Any CPU.ActiveCfg = Debug|Any CPU
		{EA22D48B-CAB3-4A2E-8CF2-E75FD852D983}.Debug|Any CPU.Build.0 = Debug|Any CPU
		{EA22D48B-CAB3-4A2E-8CF2-E75FD852D983}.Debug|x64.ActiveCfg = Debug|Any CPU
		{EA22D48B-CAB3-4A2E-8CF2-E75FD852D983}.Debug|x64.Build.0 = Debug|Any CPU
		{EA22D48B-CAB3-4A2E-8CF2-E75FD852D983}.Debug|x86.ActiveCfg = Debug|Any CPU
		{EA22D48B-CAB3-4A2E-8CF2-E75FD852D983}.Debug|x86.Build.0 = Debug|Any CPU
		{EA22D48B-CAB3-4A2E-8CF2-E75FD852D983}.Release|Any CPU.ActiveCfg = Release|Any CPU
		{EA22D48B-CAB3-4A2E-8CF2-E75FD852D983}.Release|Any CPU.Build.0 = Release|Any CPU
		{EA22D48B-CAB3-4A2E-8CF2-E75FD852D983}.Release|x64.ActiveCfg = Release|Any CPU
		{EA22D48B-CAB3-4A2E-8CF2-E75FD852D983}.Release|x64.Build.0 = Release|Any CPU
		{EA22D48B-CAB3-4A2E-8CF2-E75FD852D983}.Release|x86.ActiveCfg = Release|Any CPU
		{EA22D48B-CAB3-4A2E-8CF2-E75FD852D983}.Release|x86.Build.0 = Release|Any CPU
		{35937C76-A99B-4CFC-A953-E81489B82A79}.Debug|Any CPU.ActiveCfg = Debug|Any CPU
		{35937C76-A99B-4CFC-A953-E81489B82A79}.Debug|Any CPU.Build.0 = Debug|Any CPU
		{35937C76-A99B-4CFC-A953-E81489B82A79}.Debug|x64.ActiveCfg = Debug|Any CPU
		{35937C76-A99B-4CFC-A953-E81489B82A79}.Debug|x64.Build.0 = Debug|Any CPU
		{35937C76-A99B-4CFC-A953-E81489B82A79}.Debug|x86.ActiveCfg = Debug|Any CPU
		{35937C76-A99B-4CFC-A953-E81489B82A79}.Debug|x86.Build.0 = Debug|Any CPU
		{35937C76-A99B-4CFC-A953-E81489B82A79}.Release|Any CPU.ActiveCfg = Release|Any CPU
		{35937C76-A99B-4CFC-A953-E81489B82A79}.Release|Any CPU.Build.0 = Release|Any CPU
		{35937C76-A99B-4CFC-A953-E81489B82A79}.Release|x64.ActiveCfg = Release|Any CPU
		{35937C76-A99B-4CFC-A953-E81489B82A79}.Release|x64.Build.0 = Release|Any CPU
		{35937C76-A99B-4CFC-A953-E81489B82A79}.Release|x86.ActiveCfg = Release|Any CPU
		{35937C76-A99B-4CFC-A953-E81489B82A79}.Release|x86.Build.0 = Release|Any CPU
		{3AFB79A1-4512-4FCD-9494-6F03E45D4396}.Debug|Any CPU.ActiveCfg = Debug|Any CPU
		{3AFB79A1-4512-4FCD-9494-6F03E45D4396}.Debug|Any CPU.Build.0 = Debug|Any CPU
		{3AFB79A1-4512-4FCD-9494-6F03E45D4396}.Debug|x64.ActiveCfg = Debug|Any CPU
		{3AFB79A1-4512-4FCD-9494-6F03E45D4396}.Debug|x64.Build.0 = Debug|Any CPU
		{3AFB79A1-4512-4FCD-9494-6F03E45D4396}.Debug|x86.ActiveCfg = Debug|Any CPU
		{3AFB79A1-4512-4FCD-9494-6F03E45D4396}.Debug|x86.Build.0 = Debug|Any CPU
		{3AFB79A1-4512-4FCD-9494-6F03E45D4396}.Release|Any CPU.ActiveCfg = Release|Any CPU
		{3AFB79A1-4512-4FCD-9494-6F03E45D4396}.Release|Any CPU.Build.0 = Release|Any CPU
		{3AFB79A1-4512-4FCD-9494-6F03E45D4396}.Release|x64.ActiveCfg = Release|Any CPU
		{3AFB79A1-4512-4FCD-9494-6F03E45D4396}.Release|x64.Build.0 = Release|Any CPU
		{3AFB79A1-4512-4FCD-9494-6F03E45D4396}.Release|x86.ActiveCfg = Release|Any CPU
		{3AFB79A1-4512-4FCD-9494-6F03E45D4396}.Release|x86.Build.0 = Release|Any CPU
	EndGlobalSection
	GlobalSection(SolutionProperties) = preSolution
		HideSolutionNode = FALSE
	EndGlobalSection
EndGlobal
