
Microsoft Visual Studio Solution File, Format Version 12.00
# Visual Studio Version 16
VisualStudioVersion = 16.0.32126.315
MinimumVisualStudioVersion = 10.0.40219.1
Project("{FAE04EC0-301F-11D3-BF4B-00C04F79EFBC}") = "CompletionQualityCubesPlugin", "CompletionQualityCubesPlugin.csproj", "{2F7CEFCB-0185-4F59-BC86-9F5087E446E5}"
EndProject
Project("{FAE04EC0-301F-11D3-BF4B-00C04F79EFBC}") = "OceanControlsLib", "..\..\..\OceanControlsLib\OceanControlsLib.csproj", "{3850EF2A-EF88-4505-8C15-2F678C438E0D}"
EndProject
Project("{FAE04EC0-301F-11D3-BF4B-00C04F79EFBC}") = "BasicTypes", "..\..\..\BasicTypes\BasicTypes\BasicTypes.csproj", "{8D9574C4-9DD7-4D1F-A634-F0D885367616}"
EndProject
Project("{FAE04EC0-301F-11D3-BF4B-00C04F79EFBC}") = "ProjectTools", "..\..\..\OceanTools\ProjectTools\ProjectTools\ProjectTools.csproj", "{7DBF85DD-5287-4696-BB3C-9A2FA97145C1}"
EndProject
Project("{FAE04EC0-301F-11D3-BF4B-00C04F79EFBC}") = "TestJsonSerializerNetFramework", "..\TestJsonSerializerNetFramework\TestJsonSerializerNetFramework.csproj", "{637D3A20-E2C0-41DA-AB50-14E76D467CEB}"
EndProject
Global
	GlobalSection(SolutionConfigurationPlatforms) = preSolution
		Debug|Any CPU = Debug|Any CPU
		Release|Any CPU = Release|Any CPU
	EndGlobalSection
	GlobalSection(ProjectConfigurationPlatforms) = postSolution
		{2F7CEFCB-0185-4F59-BC86-9F5087E446E5}.Debug|Any CPU.ActiveCfg = Debug|Any CPU
		{2F7CEFCB-0185-4F59-BC86-9F5087E446E5}.Debug|Any CPU.Build.0 = Debug|Any CPU
		{2F7CEFCB-0185-4F59-BC86-9F5087E446E5}.Release|Any CPU.ActiveCfg = Release|Any CPU
		{2F7CEFCB-0185-4F59-BC86-9F5087E446E5}.Release|Any CPU.Build.0 = Release|Any CPU
		{3850EF2A-EF88-4505-8C15-2F678C438E0D}.Debug|Any CPU.ActiveCfg = Debug|Any CPU
		{3850EF2A-EF88-4505-8C15-2F678C438E0D}.Debug|Any CPU.Build.0 = Debug|Any CPU
		{3850EF2A-EF88-4505-8C15-2F678C438E0D}.Release|Any CPU.ActiveCfg = Release|Any CPU
		{3850EF2A-EF88-4505-8C15-2F678C438E0D}.Release|Any CPU.Build.0 = Release|Any CPU
		{8D9574C4-9DD7-4D1F-A634-F0D885367616}.Debug|Any CPU.ActiveCfg = Debug|Any CPU
		{8D9574C4-9DD7-4D1F-A634-F0D885367616}.Debug|Any CPU.Build.0 = Debug|Any CPU
		{8D9574C4-9DD7-4D1F-A634-F0D885367616}.Release|Any CPU.ActiveCfg = Release|Any CPU
		{8D9574C4-9DD7-4D1F-A634-F0D885367616}.Release|Any CPU.Build.0 = Release|Any CPU
		{7DBF85DD-5287-4696-BB3C-9A2FA97145C1}.Debug|Any CPU.ActiveCfg = Debug|Any CPU
		{7DBF85DD-5287-4696-BB3C-9A2FA97145C1}.Debug|Any CPU.Build.0 = Debug|Any CPU
		{7DBF85DD-5287-4696-BB3C-9A2FA97145C1}.Release|Any CPU.ActiveCfg = Release|Any CPU
		{7DBF85DD-5287-4696-BB3C-9A2FA97145C1}.Release|Any CPU.Build.0 = Release|Any CPU
		{637D3A20-E2C0-41DA-AB50-14E76D467CEB}.Debug|Any CPU.ActiveCfg = Debug|Any CPU
		{637D3A20-E2C0-41DA-AB50-14E76D467CEB}.Debug|Any CPU.Build.0 = Debug|Any CPU
		{637D3A20-E2C0-41DA-AB50-14E76D467CEB}.Release|Any CPU.ActiveCfg = Release|Any CPU
		{637D3A20-E2C0-41DA-AB50-14E76D467CEB}.Release|Any CPU.Build.0 = Release|Any CPU
	EndGlobalSection
	GlobalSection(SolutionProperties) = preSolution
		HideSolutionNode = FALSE
	EndGlobalSection
	GlobalSection(ExtensibilityGlobals) = postSolution
		SolutionGuid = {B9659953-A81B-44AA-B72B-A3198C74C086}
	EndGlobalSection
EndGlobal
