
Microsoft Visual Studio Solution File, Format Version 12.00
# Visual Studio 14
VisualStudioVersion = 14.0.25420.1
MinimumVisualStudioVersion = 10.0.40219.1
Project("{FAE04EC0-301F-11D3-BF4B-00C04F79EFBC}") = "GigamodelPlugin", "GigamodelPlugin.csproj", "{8119777C-90C5-4C1D-9509-8809D2AE047D}"
EndProject
Project("{FAE04EC0-301F-11D3-BF4B-00C04F79EFBC}") = "ConsoleApplication1", "..\ConsoleApplication1\ConsoleApplication1.csproj", "{D2C2E0B8-D9B9-43F7-9580-8607038E1D29}"
EndProject
Project("{8BC9CEB8-8B4A-11D0-8D11-00A0C91BC942}") = "DeckWritte", "..\..\..\ServerCode\CplusCode\DeckWritte\DeckWritte.vcxproj", "{BDE5F3E0-1B57-456E-9BCB-6781168CD008}"
EndProject
Global
	GlobalSection(SolutionConfigurationPlatforms) = preSolution
		Debug|Any CPU = Debug|Any CPU
		Debug|x64 = Debug|x64
		Debug|x86 = Debug|x86
		Release|Any CPU = Release|Any CPU
		Release|x64 = Release|x64
		Release|x86 = Release|x86
	EndGlobalSection
	GlobalSection(ProjectConfigurationPlatforms) = postSolution
		{8119777C-90C5-4C1D-9509-8809D2AE047D}.Debug|Any CPU.ActiveCfg = Debug|Any CPU
		{8119777C-90C5-4C1D-9509-8809D2AE047D}.Debug|Any CPU.Build.0 = Debug|Any CPU
		{8119777C-90C5-4C1D-9509-8809D2AE047D}.Debug|x64.ActiveCfg = Debug|Any CPU
		{8119777C-90C5-4C1D-9509-8809D2AE047D}.Debug|x64.Build.0 = Debug|Any CPU
		{8119777C-90C5-4C1D-9509-8809D2AE047D}.Debug|x86.ActiveCfg = Debug|Any CPU
		{8119777C-90C5-4C1D-9509-8809D2AE047D}.Debug|x86.Build.0 = Debug|Any CPU
		{8119777C-90C5-4C1D-9509-8809D2AE047D}.Release|Any CPU.ActiveCfg = Release|Any CPU
		{8119777C-90C5-4C1D-9509-8809D2AE047D}.Release|Any CPU.Build.0 = Release|Any CPU
		{8119777C-90C5-4C1D-9509-8809D2AE047D}.Release|x64.ActiveCfg = Release|Any CPU
		{8119777C-90C5-4C1D-9509-8809D2AE047D}.Release|x64.Build.0 = Release|Any CPU
		{8119777C-90C5-4C1D-9509-8809D2AE047D}.Release|x86.ActiveCfg = Release|Any CPU
		{8119777C-90C5-4C1D-9509-8809D2AE047D}.Release|x86.Build.0 = Release|Any CPU
		{D2C2E0B8-D9B9-43F7-9580-8607038E1D29}.Debug|Any CPU.ActiveCfg = Debug|Any CPU
		{D2C2E0B8-D9B9-43F7-9580-8607038E1D29}.Debug|Any CPU.Build.0 = Debug|Any CPU
		{D2C2E0B8-D9B9-43F7-9580-8607038E1D29}.Debug|x64.ActiveCfg = Debug|Any CPU
		{D2C2E0B8-D9B9-43F7-9580-8607038E1D29}.Debug|x64.Build.0 = Debug|Any CPU
		{D2C2E0B8-D9B9-43F7-9580-8607038E1D29}.Debug|x86.ActiveCfg = Debug|Any CPU
		{D2C2E0B8-D9B9-43F7-9580-8607038E1D29}.Debug|x86.Build.0 = Debug|Any CPU
		{D2C2E0B8-D9B9-43F7-9580-8607038E1D29}.Release|Any CPU.ActiveCfg = Release|Any CPU
		{D2C2E0B8-D9B9-43F7-9580-8607038E1D29}.Release|Any CPU.Build.0 = Release|Any CPU
		{D2C2E0B8-D9B9-43F7-9580-8607038E1D29}.Release|x64.ActiveCfg = Release|Any CPU
		{D2C2E0B8-D9B9-43F7-9580-8607038E1D29}.Release|x64.Build.0 = Release|Any CPU
		{D2C2E0B8-D9B9-43F7-9580-8607038E1D29}.Release|x86.ActiveCfg = Release|Any CPU
		{D2C2E0B8-D9B9-43F7-9580-8607038E1D29}.Release|x86.Build.0 = Release|Any CPU
		{BDE5F3E0-1B57-456E-9BCB-6781168CD008}.Debug|Any CPU.ActiveCfg = Debug|Win32
		{BDE5F3E0-1B57-456E-9BCB-6781168CD008}.Debug|x64.ActiveCfg = Debug|x64
		{BDE5F3E0-1B57-456E-9BCB-6781168CD008}.Debug|x64.Build.0 = Debug|x64
		{BDE5F3E0-1B57-456E-9BCB-6781168CD008}.Debug|x86.ActiveCfg = Debug|Win32
		{BDE5F3E0-1B57-456E-9BCB-6781168CD008}.Debug|x86.Build.0 = Debug|Win32
		{BDE5F3E0-1B57-456E-9BCB-6781168CD008}.Release|Any CPU.ActiveCfg = Release|Win32
		{BDE5F3E0-1B57-456E-9BCB-6781168CD008}.Release|x64.ActiveCfg = Release|x64
		{BDE5F3E0-1B57-456E-9BCB-6781168CD008}.Release|x64.Build.0 = Release|x64
		{BDE5F3E0-1B57-456E-9BCB-6781168CD008}.Release|x86.ActiveCfg = Release|Win32
		{BDE5F3E0-1B57-456E-9BCB-6781168CD008}.Release|x86.Build.0 = Release|Win32
	EndGlobalSection
	GlobalSection(SolutionProperties) = preSolution
		HideSolutionNode = FALSE
	EndGlobalSection
EndGlobal
