
Microsoft Visual Studio Solution File, Format Version 12.00
# Visual Studio Version 16
VisualStudioVersion = 16.0.32126.315
MinimumVisualStudioVersion = 10.0.40219.1
Project("{FAE04EC0-301F-11D3-BF4B-00C04F79EFBC}") = "GigamodelPlugin", "GigamodelPlugin.csproj", "{8119777C-90C5-4C1D-9509-8809D2AE047D}"
EndProject
Project("{8BC9CEB8-8B4A-11D0-8D11-00A0C91BC942}") = "DeckWritte", "..\..\..\ServerCode\CplusCode\DeckWritte\DeckWritte.vcxproj", "{BDE5F3E0-1B57-456E-9BCB-6781168CD008}"
EndProject
Project("{FAE04EC0-301F-11D3-BF4B-00C04F79EFBC}") = "TestRichTextBox", "..\TestRichTextBox\TestRichTextBox.csproj", "{B7A5484D-57CA-4B71-9A9D-AED205CEEF85}"
EndProject
Project("{FAE04EC0-301F-11D3-BF4B-00C04F79EFBC}") = "BasicTypes", "..\..\..\..\BasicTypes\BasicTypes\BasicTypes.csproj", "{8D9574C4-9DD7-4D1F-A634-F0D885367616}"
EndProject
Project("{FAE04EC0-301F-11D3-BF4B-00C04F79EFBC}") = "ProjectTools", "..\..\..\..\OceanTools\ProjectTools\ProjectTools\ProjectTools.csproj", "{7DBF85DD-5287-4696-BB3C-9A2FA97145C1}"
EndProject
Global
	GlobalSection(SolutionConfigurationPlatforms) = preSolution
		Debug|Any CPU = Debug|Any CPU
		Debug|x64 = Debug|x64
		Debug|x86 = Debug|x86
		Release|Any CPU = Release|Any CPU
		Release|x64 = Release|x64
		Release|x86 = Release|x86
	EndGlobalSection
	GlobalSection(ProjectConfigurationPlatforms) = postSolution
		{8119777C-90C5-4C1D-9509-8809D2AE047D}.Debug|Any CPU.ActiveCfg = Debug|Any CPU
		{8119777C-90C5-4C1D-9509-8809D2AE047D}.Debug|Any CPU.Build.0 = Debug|Any CPU
		{8119777C-90C5-4C1D-9509-8809D2AE047D}.Debug|x64.ActiveCfg = Debug|Any CPU
		{8119777C-90C5-4C1D-9509-8809D2AE047D}.Debug|x64.Build.0 = Debug|Any CPU
		{8119777C-90C5-4C1D-9509-8809D2AE047D}.Debug|x86.ActiveCfg = Debug|Any CPU
		{8119777C-90C5-4C1D-9509-8809D2AE047D}.Debug|x86.Build.0 = Debug|Any CPU
		{8119777C-90C5-4C1D-9509-8809D2AE047D}.Release|Any CPU.ActiveCfg = Release|Any CPU
		{8119777C-90C5-4C1D-9509-8809D2AE047D}.Release|Any CPU.Build.0 = Release|Any CPU
		{8119777C-90C5-4C1D-9509-8809D2AE047D}.Release|x64.ActiveCfg = Release|Any CPU
		{8119777C-90C5-4C1D-9509-8809D2AE047D}.Release|x64.Build.0 = Release|Any CPU
		{8119777C-90C5-4C1D-9509-8809D2AE047D}.Release|x86.ActiveCfg = Release|Any CPU
		{8119777C-90C5-4C1D-9509-8809D2AE047D}.Release|x86.Build.0 = Release|Any CPU
		{BDE5F3E0-1B57-456E-9BCB-6781168CD008}.Debug|Any CPU.ActiveCfg = Debug|Win32
		{BDE5F3E0-1B57-456E-9BCB-6781168CD008}.Debug|x64.ActiveCfg = Debug|x64
		{BDE5F3E0-1B57-456E-9BCB-6781168CD008}.Debug|x64.Build.0 = Debug|x64
		{BDE5F3E0-1B57-456E-9BCB-6781168CD008}.Debug|x86.ActiveCfg = Debug|Win32
		{BDE5F3E0-1B57-456E-9BCB-6781168CD008}.Debug|x86.Build.0 = Debug|Win32
		{BDE5F3E0-1B57-456E-9BCB-6781168CD008}.Release|Any CPU.ActiveCfg = Release|Win32
		{BDE5F3E0-1B57-456E-9BCB-6781168CD008}.Release|x64.ActiveCfg = Release|x64
		{BDE5F3E0-1B57-456E-9BCB-6781168CD008}.Release|x64.Build.0 = Release|x64
		{BDE5F3E0-1B57-456E-9BCB-6781168CD008}.Release|x86.ActiveCfg = Release|Win32
		{BDE5F3E0-1B57-456E-9BCB-6781168CD008}.Release|x86.Build.0 = Release|Win32
		{B7A5484D-57CA-4B71-9A9D-AED205CEEF85}.Debug|Any CPU.ActiveCfg = Debug|Any CPU
		{B7A5484D-57CA-4B71-9A9D-AED205CEEF85}.Debug|Any CPU.Build.0 = Debug|Any CPU
		{B7A5484D-57CA-4B71-9A9D-AED205CEEF85}.Debug|x64.ActiveCfg = Debug|Any CPU
		{B7A5484D-57CA-4B71-9A9D-AED205CEEF85}.Debug|x64.Build.0 = Debug|Any CPU
		{B7A5484D-57CA-4B71-9A9D-AED205CEEF85}.Debug|x86.ActiveCfg = Debug|Any CPU
		{B7A5484D-57CA-4B71-9A9D-AED205CEEF85}.Debug|x86.Build.0 = Debug|Any CPU
		{B7A5484D-57CA-4B71-9A9D-AED205CEEF85}.Release|Any CPU.ActiveCfg = Release|Any CPU
		{B7A5484D-57CA-4B71-9A9D-AED205CEEF85}.Release|Any CPU.Build.0 = Release|Any CPU
		{B7A5484D-57CA-4B71-9A9D-AED205CEEF85}.Release|x64.ActiveCfg = Release|Any CPU
		{B7A5484D-57CA-4B71-9A9D-AED205CEEF85}.Release|x64.Build.0 = Release|Any CPU
		{B7A5484D-57CA-4B71-9A9D-AED205CEEF85}.Release|x86.ActiveCfg = Release|Any CPU
		{B7A5484D-57CA-4B71-9A9D-AED205CEEF85}.Release|x86.Build.0 = Release|Any CPU
		{8D9574C4-9DD7-4D1F-A634-F0D885367616}.Debug|Any CPU.ActiveCfg = Debug|Any CPU
		{8D9574C4-9DD7-4D1F-A634-F0D885367616}.Debug|Any CPU.Build.0 = Debug|Any CPU
		{8D9574C4-9DD7-4D1F-A634-F0D885367616}.Debug|x64.ActiveCfg = Debug|Any CPU
		{8D9574C4-9DD7-4D1F-A634-F0D885367616}.Debug|x64.Build.0 = Debug|Any CPU
		{8D9574C4-9DD7-4D1F-A634-F0D885367616}.Debug|x86.ActiveCfg = Debug|Any CPU
		{8D9574C4-9DD7-4D1F-A634-F0D885367616}.Debug|x86.Build.0 = Debug|Any CPU
		{8D9574C4-9DD7-4D1F-A634-F0D885367616}.Release|Any CPU.ActiveCfg = Release|Any CPU
		{8D9574C4-9DD7-4D1F-A634-F0D885367616}.Release|Any CPU.Build.0 = Release|Any CPU
		{8D9574C4-9DD7-4D1F-A634-F0D885367616}.Release|x64.ActiveCfg = Release|Any CPU
		{8D9574C4-9DD7-4D1F-A634-F0D885367616}.Release|x64.Build.0 = Release|Any CPU
		{8D9574C4-9DD7-4D1F-A634-F0D885367616}.Release|x86.ActiveCfg = Release|Any CPU
		{8D9574C4-9DD7-4D1F-A634-F0D885367616}.Release|x86.Build.0 = Release|Any CPU
		{7DBF85DD-5287-4696-BB3C-9A2FA97145C1}.Debug|Any CPU.ActiveCfg = Debug|Any CPU
		{7DBF85DD-5287-4696-BB3C-9A2FA97145C1}.Debug|Any CPU.Build.0 = Debug|Any CPU
		{7DBF85DD-5287-4696-BB3C-9A2FA97145C1}.Debug|x64.ActiveCfg = Debug|Any CPU
		{7DBF85DD-5287-4696-BB3C-9A2FA97145C1}.Debug|x64.Build.0 = Debug|Any CPU
		{7DBF85DD-5287-4696-BB3C-9A2FA97145C1}.Debug|x86.ActiveCfg = Debug|Any CPU
		{7DBF85DD-5287-4696-BB3C-9A2FA97145C1}.Debug|x86.Build.0 = Debug|Any CPU
		{7DBF85DD-5287-4696-BB3C-9A2FA97145C1}.Release|Any CPU.ActiveCfg = Release|Any CPU
		{7DBF85DD-5287-4696-BB3C-9A2FA97145C1}.Release|Any CPU.Build.0 = Release|Any CPU
		{7DBF85DD-5287-4696-BB3C-9A2FA97145C1}.Release|x64.ActiveCfg = Release|Any CPU
		{7DBF85DD-5287-4696-BB3C-9A2FA97145C1}.Release|x64.Build.0 = Release|Any CPU
		{7DBF85DD-5287-4696-BB3C-9A2FA97145C1}.Release|x86.ActiveCfg = Release|Any CPU
		{7DBF85DD-5287-4696-BB3C-9A2FA97145C1}.Release|x86.Build.0 = Release|Any CPU
	EndGlobalSection
	GlobalSection(SolutionProperties) = preSolution
		HideSolutionNode = FALSE
	EndGlobalSection
	GlobalSection(ExtensibilityGlobals) = postSolution
		SolutionGuid = {49A03F1E-BFF9-4763-BB9F-E6E79D98E1BB}
	EndGlobalSection
EndGlobal
