
Microsoft Visual Studio Solution File, Format Version 12.00
# Visual Studio Version 16
VisualStudioVersion = 16.0.30225.117
MinimumVisualStudioVersion = 10.0.40219.1
Project("{FAE04EC0-301F-11D3-BF4B-00C04F79EFBC}") = "COEGeomechanicsPlugin", "COEGeomechanicsPlugin.csproj", "{4DA8E63A-545B-4E4C-A454-D92C85AD81E1}"
EndProject
Project("{FAE04EC0-301F-11D3-BF4B-00C04F79EFBC}") = "DataIkuTools", "..\DataIkuTools\DataIkuTools.csproj", "{DE518581-1D9D-4CC0-91DD-C78504BE1F56}"
EndProject
Project("{FAE04EC0-301F-11D3-BF4B-00C04F79EFBC}") = "ProjectTools", "..\OceanTools\ProjectTools\ProjectTools\ProjectTools.csproj", "{7DBF85DD-5287-4696-BB3C-9A2FA97145C1}"
EndProject
Project("{FAE04EC0-301F-11D3-BF4B-00C04F79EFBC}") = "BasicTypes", "..\BasicTypes\BasicTypes\BasicTypes.csproj", "{8D9574C4-9DD7-4D1F-A634-F0D885367616}"
EndProject
Project("{2150E333-8FDC-42A3-9474-1A3956D46DE8}") = "Utils", "Utils", "{216A63AA-2B26-4DEF-A6B6-09540092F2DD}"
EndProject
Global
	GlobalSection(SolutionConfigurationPlatforms) = preSolution
		Debug|Any CPU = Debug|Any CPU
		Release|Any CPU = Release|Any CPU
	EndGlobalSection
	GlobalSection(ProjectConfigurationPlatforms) = postSolution
		{4DA8E63A-545B-4E4C-A454-D92C85AD81E1}.Debug|Any CPU.ActiveCfg = Debug|Any CPU
		{4DA8E63A-545B-4E4C-A454-D92C85AD81E1}.Debug|Any CPU.Build.0 = Debug|Any CPU
		{4DA8E63A-545B-4E4C-A454-D92C85AD81E1}.Release|Any CPU.ActiveCfg = Release|Any CPU
		{4DA8E63A-545B-4E4C-A454-D92C85AD81E1}.Release|Any CPU.Build.0 = Release|Any CPU
		{DE518581-1D9D-4CC0-91DD-C78504BE1F56}.Debug|Any CPU.ActiveCfg = Debug|Any CPU
		{DE518581-1D9D-4CC0-91DD-C78504BE1F56}.Debug|Any CPU.Build.0 = Debug|Any CPU
		{DE518581-1D9D-4CC0-91DD-C78504BE1F56}.Release|Any CPU.ActiveCfg = Release|Any CPU
		{DE518581-1D9D-4CC0-91DD-C78504BE1F56}.Release|Any CPU.Build.0 = Release|Any CPU
		{7DBF85DD-5287-4696-BB3C-9A2FA97145C1}.Debug|Any CPU.ActiveCfg = Debug|Any CPU
		{7DBF85DD-5287-4696-BB3C-9A2FA97145C1}.Debug|Any CPU.Build.0 = Debug|Any CPU
		{7DBF85DD-5287-4696-BB3C-9A2FA97145C1}.Release|Any CPU.ActiveCfg = Release|Any CPU
		{7DBF85DD-5287-4696-BB3C-9A2FA97145C1}.Release|Any CPU.Build.0 = Release|Any CPU
		{8D9574C4-9DD7-4D1F-A634-F0D885367616}.Debug|Any CPU.ActiveCfg = Debug|Any CPU
		{8D9574C4-9DD7-4D1F-A634-F0D885367616}.Debug|Any CPU.Build.0 = Debug|Any CPU
		{8D9574C4-9DD7-4D1F-A634-F0D885367616}.Release|Any CPU.ActiveCfg = Release|Any CPU
		{8D9574C4-9DD7-4D1F-A634-F0D885367616}.Release|Any CPU.Build.0 = Release|Any CPU
	EndGlobalSection
	GlobalSection(SolutionProperties) = preSolution
		HideSolutionNode = FALSE
	EndGlobalSection
	GlobalSection(NestedProjects) = preSolution
		{7DBF85DD-5287-4696-BB3C-9A2FA97145C1} = {216A63AA-2B26-4DEF-A6B6-09540092F2DD}
		{8D9574C4-9DD7-4D1F-A634-F0D885367616} = {216A63AA-2B26-4DEF-A6B6-09540092F2DD}
	EndGlobalSection
	GlobalSection(ExtensibilityGlobals) = postSolution
		SolutionGuid = {98CA5684-8956-4E46-B76A-B99926A1F3DC}
	EndGlobalSection
EndGlobal
